
Microsoft Visual Studio Solution File, Format Version 12.00
# Visual Studio Version 16
VisualStudioVersion = 16.0.32802.440
MinimumVisualStudioVersion = 10.0.40219.1
Project("{FAE04EC0-301F-11D3-BF4B-00C04F79EFBC}") = "TextFileEdit", "TextFileEdit\Project\TextFileEdit.csproj", "{2D18BE89-D210-49EB-A9DD-2246FBB3DF6D}"
EndProject
Project("{FAE04EC0-301F-11D3-BF4B-00C04F79EFBC}") = "TFEditEx", "TFEditEx\TFEditEx.csproj", "{501C777F-9505-46A9-8746-ADA9DB62B8FB}"
EndProject
Global
	GlobalSection(SolutionConfigurationPlatforms) = preSolution
		Debug|Any CPU = Debug|Any CPU
		Release|Any CPU = Release|Any CPU
	EndGlobalSection
	GlobalSection(ProjectConfigurationPlatforms) = postSolution
		{2D18BE89-D210-49EB-A9DD-2246FBB3DF6D}.Debug|Any CPU.ActiveCfg = Debug|Any CPU
		{2D18BE89-D210-49EB-A9DD-2246FBB3DF6D}.Debug|Any CPU.Build.0 = Debug|Any CPU
		{2D18BE89-D210-49EB-A9DD-2246FBB3DF6D}.Release|Any CPU.ActiveCfg = Release|Any CPU
		{2D18BE89-D210-49EB-A9DD-2246FBB3DF6D}.Release|Any CPU.Build.0 = Release|Any CPU
		{501C777F-9505-46A9-8746-ADA9DB62B8FB}.Debug|Any CPU.ActiveCfg = Debug|Any CPU
		{501C777F-9505-46A9-8746-ADA9DB62B8FB}.Debug|Any CPU.Build.0 = Debug|Any CPU
		{501C777F-9505-46A9-8746-ADA9DB62B8FB}.Release|Any CPU.ActiveCfg = Release|Any CPU
		{501C777F-9505-46A9-8746-ADA9DB62B8FB}.Release|Any CPU.Build.0 = Release|Any CPU
	EndGlobalSection
	GlobalSection(SolutionProperties) = preSolution
		HideSolutionNode = FALSE
	EndGlobalSection
	GlobalSection(ExtensibilityGlobals) = postSolution
		SolutionGuid = {76975732-763F-40A7-8017-06F6EC935327}
	EndGlobalSection
EndGlobal
